
Microsoft Visual Studio Solution File, Format Version 12.00
# Visual Studio Version 17
VisualStudioVersion = 17.14.37614.0 d17.14
MinimumVisualStudioVersion = 10.0.40219.1
Project("{FAE04EC0-301F-11D3-BF4B-00C04F79EFBC}") = "FinancialMonitor.Api", "FinancialMonitor.Api\FinancialMonitor.Api.csproj", "{68072C4A-3020-4189-987F-DDF86C24BE51}"
EndProject
Global
	GlobalSection(SolutionConfigurationPlatforms) = preSolution
		Debug|Any CPU = Debug|Any CPU
		Release|Any CPU = Release|Any CPU
	EndGlobalSection
	GlobalSection(ProjectConfigurationPlatforms) = postSolution
		{68072C4A-3020-4189-987F-DDF86C24BE51}.Debug|Any CPU.ActiveCfg = Debug|Any CPU
		{68072C4A-3020-4189-987F-DDF86C24BE51}.Debug|Any CPU.Build.0 = Debug|Any CPU
		{68072C4A-3020-4189-987F-DDF86C24BE51}.Release|Any CPU.ActiveCfg = Release|Any CPU
		{68072C4A-3020-4189-987F-DDF86C24BE51}.Release|Any CPU.Build.0 = Release|Any CPU
	EndGlobalSection
	GlobalSection(SolutionProperties) = preSolution
		HideSolutionNode = FALSE
	EndGlobalSection
	GlobalSection(ExtensibilityGlobals) = postSolution
		SolutionGuid = {D94E8081-78C5-4D36-ACBF-4A4441BC81BC}
	EndGlobalSection
EndGlobal
